{
    "_meta": {
        "hash": {
            "sha256": "6fc330513f21cddd5506b4f723f5cc1a57f2e3e1919ff4c0e49cf41ad3f3184e"
        },
        "pipfile-spec": 6,
        "requires": {
            "python_full_version": "3.11.6",
            "python_version": "3.11"
        },
        "sources": [
            {
                "name": "pypi",
                "url": "https://pypi.org/simple",
                "verify_ssl": true
            }
        ]
    },
    "default": {
        "colorlog": {
            "hashes": [
                "sha256:4ed23b05a1154294ac99f511fabe8c1d6d4364ec1f7fc989c7fb515ccc29d375",
                "sha256:fbb6fdf9d5685f2517f388fb29bb27d54e8654dd31f58bc2a3b217e967a95ca6"
            ],
            "index": "pypi",
            "markers": "python_version >= '3.6'",
            "version": "==6.8.0"
        }
    },
    "develop": {}
}
